
Microsoft Visual Studio Solution File, Format Version 12.00
# Visual Studio Version 16
VisualStudioVersion = 16.0.32106.194
MinimumVisualStudioVersion = 10.0.40219.1
Project("{FAE04EC0-301F-11D3-BF4B-00C04F79EFBC}") = "Deliverable5_Methods", "Deliverable5_Methods.csproj", "{C3E02C9A-D785-49B6-8B39-B0682C0B7A90}"
EndProject
Global
	GlobalSection(SolutionConfigurationPlatforms) = preSolution
		Debug|Any CPU = Debug|Any CPU
		Release|Any CPU = Release|Any CPU
	EndGlobalSection
	GlobalSection(ProjectConfigurationPlatforms) = postSolution
		{C3E02C9A-D785-49B6-8B39-B0682C0B7A90}.Debug|Any CPU.ActiveCfg = Debug|Any CPU
		{C3E02C9A-D785-49B6-8B39-B0682C0B7A90}.Debug|Any CPU.Build.0 = Debug|Any CPU
		{C3E02C9A-D785-49B6-8B39-B0682C0B7A90}.Release|Any CPU.ActiveCfg = Release|Any CPU
		{C3E02C9A-D785-49B6-8B39-B0682C0B7A90}.Release|Any CPU.Build.0 = Release|Any CPU
	EndGlobalSection
	GlobalSection(SolutionProperties) = preSolution
		HideSolutionNode = FALSE
	EndGlobalSection
	GlobalSection(ExtensibilityGlobals) = postSolution
		SolutionGuid = {5906C08A-C27B-4BFE-B06A-858F93016A6D}
	EndGlobalSection
EndGlobal
